
Microsoft Visual Studio Solution File, Format Version 12.00
# Visual Studio Version 16
VisualStudioVersion = 16.0.31025.194
MinimumVisualStudioVersion = 10.0.40219.1
Project("{FAE04EC0-301F-11D3-BF4B-00C04F79EFBC}") = "PartyInvites", "PartyInvites\PartyInvites.csproj", "{2EF5E5CB-ED1E-46C9-9EF2-B5464770BC08}"
EndProject
Global
	GlobalSection(SolutionConfigurationPlatforms) = preSolution
		Debug|Any CPU = Debug|Any CPU
		Release|Any CPU = Release|Any CPU
	EndGlobalSection
	GlobalSection(ProjectConfigurationPlatforms) = postSolution
		{2EF5E5CB-ED1E-46C9-9EF2-B5464770BC08}.Debug|Any CPU.ActiveCfg = Debug|Any CPU
		{2EF5E5CB-ED1E-46C9-9EF2-B5464770BC08}.Debug|Any CPU.Build.0 = Debug|Any CPU
		{2EF5E5CB-ED1E-46C9-9EF2-B5464770BC08}.Release|Any CPU.ActiveCfg = Release|Any CPU
		{2EF5E5CB-ED1E-46C9-9EF2-B5464770BC08}.Release|Any CPU.Build.0 = Release|Any CPU
	EndGlobalSection
	GlobalSection(SolutionProperties) = preSolution
		HideSolutionNode = FALSE
	EndGlobalSection
	GlobalSection(ExtensibilityGlobals) = postSolution
		SolutionGuid = {C3BD4336-37D6-4402-9AFF-473A9D43630E}
	EndGlobalSection
EndGlobal
